github.com/ZhengjunHUO/godtype v0.0.0-20211110215426-28d181d67524 h1:1fT0Ey2PhzsO4r7xAMJHw+zqnii8soQ+Zm1Eg8bzSa4=
github.com/ZhengjunHUO/godtype v0.0.0-20211110215426-28d181d67524/go.mod h1:kWLCUCjKWDNYJquJq4VQA16pRVtSgcsAWRQ0NyS+CfY=
github.com/ZhengjunHUO/gtoolkit v0.0.0-20211208145911-2afcebe9b479 h1:No/7K51WCYbisl0eDX+3I10ZZudCay18TIy1VwSb+x8=
github.com/ZhengjunHUO/gtoolkit v0.0.0-20211208145911-2afcebe9b479/go.mod h1:cTA/r4x2Yy6owNMqTc9K52NaFC7y6xMlhTIl90GRUoo=
