github.com/ZhengjunHUO/godtype v0.0.0-20211002190625-e3d8c684248a h1:a9OJ2vanlYqNkt+6X5/Hd1JSV9yFA4xwaKK000I5e4A=
github.com/ZhengjunHUO/godtype v0.0.0-20211002190625-e3d8c684248a/go.mod h1:fK1yzUm50qnia1x4rYp9t0BRaIVJI96mrtoDs879h8I=
github.com/ZhengjunHUO/gtoolkit v0.0.0-20210913194412-2c277cf93acf h1:gMlQjb6O0epf69iOgvZUSdAEV3yfOb/WbVh1aaK60Bk=
github.com/ZhengjunHUO/gtoolkit v0.0.0-20210913194412-2c277cf93acf/go.mod h1:YI/S8sVhjjCT1b3jMbZ+EFYru5vqMaOkvEbaAGp/L9Q=
